// !$*UTF8*$!
{
	archiveVersion = 1;
	classes = {
	};
	objectVersion = 48;
	objects = {

/* Begin PBXBuildFile section */
		1E6AC8B12021201300CE6E69 /* AppDelegate.swift in Sources */ = {isa = PBXBuildFile; fileRef = 1E6AC8B02021201300CE6E69 /* AppDelegate.swift */; };
		1E6AC8B32021201300CE6E69 /* ViewController.swift in Sources */ = {isa = PBXBuildFile; fileRef = 1E6AC8B22021201300CE6E69 /* ViewController.swift */; };
		1E6AC8B62021201300CE6E69 /* Main.storyboard in Resources */ = {isa = PBXBuildFile; fileRef = 1E6AC8B42021201300CE6E69 /* Main.storyboard */; };
		1E6AC8B82021201300CE6E69 /* Assets.xcassets in Resources */ = {isa = PBXBuildFile; fileRef = 1E6AC8B72021201300CE6E69 /* Assets.xcassets */; };
		1E6AC8BB2021201300CE6E69 /* LaunchScreen.storyboard in Resources */ = {isa = PBXBuildFile; fileRef = 1E6AC8B92021201300CE6E69 /* LaunchScreen.storyboard */; };
		1E6AC8C62021201300CE6E69 /* LightTests.swift in Sources */ = {isa = PBXBuildFile; fileRef = 1E6AC8C52021201300CE6E69 /* LightTests.swift */; };
		1E6AC8D12021201300CE6E69 /* LightUITests.swift in Sources */ = {isa = PBXBuildFile; fileRef = 1E6AC8D02021201300CE6E69 /* LightUITests.swift */; };
/* End PBXBuildFile section */

/* Begin PBXContainerItemProxy section */
		1E6AC8C22021201300CE6E69 /* PBXContainerItemProxy */ = {
			isa = PBXContainerItemProxy;
			containerPortal = 1E6AC8A52021201300CE6E69 /* Project object */;
			proxyType = 1;
			remoteGlobalIDString = 1E6AC8AC2021201300CE6E69;
			remoteInfo = Light;
		};
		1E6AC8CD2021201300CE6E69 /* PBXContainerItemProxy */ = {
			isa = PBXContainerItemProxy;
			containerPortal = 1E6AC8A52021201300CE6E69 /* Project object */;
			proxyType = 1;
			remoteGlobalIDString = 1E6AC8AC2021201300CE6E69;
			remoteInfo = Light;
		};
/* End PBXContainerItemProxy section */

/* Begin PBXFileReference section */
		1E6AC8AD2021201300CE6E69 /* Light.app */ = {isa = PBXFileReference; explicitFileType = wrapper.application; includeInIndex = 0; path = Light.app; sourceTree = BUILT_PRODUCTS_DIR; };
		1E6AC8B02021201300CE6E69 /* AppDelegate.swift */ = {isa = PBXFileReference; lastKnownFileType = sourcecode.swift; path = AppDelegate.swift; sourceTree = "<group>"; };
		1E6AC8B22021201300CE6E69 /* ViewController.swift */ = {isa = PBXFileReference; lastKnownFileType = sourcecode.swift; path = ViewController.swift; sourceTree = "<group>"; };
		1E6AC8B52021201300CE6E69 /* Base */ = {isa = PBXFileReference; lastKnownFileType = file.storyboard; name = Base; path = Base.lproj/Main.storyboard; sourceTree = "<group>"; };
		1E6AC8B72021201300CE6E69 /* Assets.xcassets */ = {isa = PBXFileReference; lastKnownFileType = folder.assetcatalog; path = Assets.xcassets; sourceTree = "<group>"; };
		1E6AC8BA2021201300CE6E69 /* Base */ = {isa = PBXFileReference; lastKnownFileType = file.storyboard; name = Base; path = Base.lproj/LaunchScreen.storyboard; sourceTree = "<group>"; };
		1E6AC8BC2021201300CE6E69 /* Info.plist */ = {isa = PBXFileReference; lastKnownFileType = text.plist.xml; path = Info.plist; sourceTree = "<group>"; };
		1E6AC8C12021201300CE6E69 /* LightTests.xctest */ = {isa = PBXFileReference; explicitFileType = wrapper.cfbundle; includeInIndex = 0; path = LightTests.xctest; sourceTree = BUILT_PRODUCTS_DIR; };
		1E6AC8C52021201300CE6E69 /* LightTests.swift */ = {isa = PBXFileReference; lastKnownFileType = sourcecode.swift; path = LightTests.swift; sourceTree = "<group>"; };
		1E6AC8C72021201300CE6E69 /* Info.plist */ = {isa = PBXFileReference; lastKnownFileType = text.plist.xml; path = Info.plist; sourceTree = "<group>"; };
		1E6AC8CC2021201300CE6E69 /* LightUITests.xctest */ = {isa = PBXFileReference; explicitFileType = wrapper.cfbundle; includeInIndex = 0; path = LightUITests.xctest; sourceTree = BUILT_PRODUCTS_DIR; };
		1E6AC8D02021201300CE6E69 /* LightUITests.swift */ = {isa = PBXFileReference; lastKnownFileType = sourcecode.swift; path = LightUITests.swift; sourceTree = "<group>"; };
		1E6AC8D22021201300CE6E69 /* Info.plist */ = {isa = PBXFileReference; lastKnownFileType = text.plist.xml; path = Info.plist; sourceTree = "<group>"; };
/* End PBXFileReference section */

/* Begin PBXFrameworksBuildPhase section */
		1E6AC8AA2021201300CE6E69 /* Frameworks */ = {
			isa = PBXFrameworksBuildPhase;
			buildActionMask = 2147483647;
			files = (
			);
			runOnlyForDeploymentPostprocessing = 0;
		};
		1E6AC8BE2021201300CE6E69 /* Frameworks */ = {
			isa = PBXFrameworksBuildPhase;
			buildActionMask = 2147483647;
			files = (
			);
			runOnlyForDeploymentPostprocessing = 0;
		};
		1E6AC8C92021201300CE6E69 /* Frameworks */ = {
			isa = PBXFrameworksBuildPhase;
			buildActionMask = 2147483647;
			files = (
			);
			runOnlyForDeploymentPostprocessing = 0;
		};
/* End PBXFrameworksBuildPhase section */

/* Begin PBXGroup section */
		1E6AC8A42021201300CE6E69 = {
			isa = PBXGroup;
			children = (
				1E6AC8AF2021201300CE6E69 /* Light */,
				1E6AC8C42021201300CE6E69 /* LightTests */,
				1E6AC8CF2021201300CE6E69 /* LightUITests */,
				1E6AC8AE2021201300CE6E69 /* Products */,
			);
			sourceTree = "<group>";
		};
		1E6AC8AE2021201300CE6E69 /* Products */ = {
			isa = PBXGroup;
			children = (
				1E6AC8AD2021201300CE6E69 /* Light.app */,
				1E6AC8C12021201300CE6E69 /* LightTests.xctest */,
				1E6AC8CC2021201300CE6E69 /* LightUITests.xctest */,
			);
			name = Products;
			sourceTree = "<group>";
		};
		1E6AC8AF2021201300CE6E69 /* Light */ = {
			isa = PBXGroup;
			children = (
				1E6AC8B02021201300CE6E69 /* AppDelegate.swift */,
				1E6AC8B22021201300CE6E69 /* ViewController.swift */,
				1E6AC8B42021201300CE6E69 /* Main.storyboard */,
				1E6AC8B72021201300CE6E69 /* Assets.xcassets */,
				1E6AC8B92021201300CE6E69 /* LaunchScreen.storyboard */,
				1E6AC8BC2021201300CE6E69 /* Info.plist */,
			);
			path = Light;
			sourceTree = "<group>";
		};
		1E6AC8C42021201300CE6E69 /* LightTests */ = {
			isa = PBXGroup;
			children = (
				1E6AC8C52021201300CE6E69 /* LightTests.swift */,
				1E6AC8C72021201300CE6E69 /* Info.plist */,
			);
			path = LightTests;
			sourceTree = "<group>";
		};
		1E6AC8CF2021201300CE6E69 /* LightUITests */ = {
			isa = PBXGroup;
			children = (
				1E6AC8D02021201300CE6E69 /* LightUITests.swift */,
				1E6AC8D22021201300CE6E69 /* Info.plist */,
			);
			path = LightUITests;
			sourceTree = "<group>";
		};
/* End PBXGroup section */

/* Begin PBXNativeTarget section */
		1E6AC8AC2021201300CE6E69 /* Light */ = {
			isa = PBXNativeTarget;
			buildConfigurationList = 1E6AC8D52021201300CE6E69 /* Build configuration list for PBXNativeTarget "Light" */;
			buildPhases = (
				1E6AC8A92021201300CE6E69 /* Sources */,
				1E6AC8AA2021201300CE6E69 /* Frameworks */,
				1E6AC8AB2021201300CE6E69 /* Resources */,
			);
			buildRules = (
			);
			dependencies = (
			);
			name = Light;
			productName = Light;
			productReference = 1E6AC8AD2021201300CE6E69 /* Light.app */;
			productType = "com.apple.product-type.application";
		};
		1E6AC8C02021201300CE6E69 /* LightTests */ = {
			isa = PBXNativeTarget;
			buildConfigurationList = 1E6AC8D82021201300CE6E69 /* Build configuration list for PBXNativeTarget "LightTests" */;
			buildPhases = (
				1E6AC8BD2021201300CE6E69 /* Sources */,
				1E6AC8BE2021201300CE6E69 /* Frameworks */,
				1E6AC8BF2021201300CE6E69 /* Resources */,
			);
			buildRules = (
			);
			dependencies = (
				1E6AC8C32021201300CE6E69 /* PBXTargetDependency */,
			);
			name = LightTests;
			productName = LightTests;
			productReference = 1E6AC8C12021201300CE6E69 /* LightTests.xctest */;
			productType = "com.apple.product-type.bundle.unit-test";
		};
		1E6AC8CB2021201300CE6E69 /* LightUITests */ = {
			isa = PBXNativeTarget;
			buildConfigurationList = 1E6AC8DB2021201300CE6E69 /* Build configuration list for PBXNativeTarget "LightUITests" */;
			buildPhases = (
				1E6AC8C82021201300CE6E69 /* Sources */,
				1E6AC8C92021201300CE6E69 /* Frameworks */,
				1E6AC8CA2021201300CE6E69 /* Resources */,
			);
			buildRules = (
			);
			dependencies = (
				1E6AC8CE2021201300CE6E69 /* PBXTargetDependency */,
			);
			name = LightUITests;
			productName = LightUITests;
			productReference = 1E6AC8CC2021201300CE6E69 /* LightUITests.xctest */;
			productType = "com.apple.product-type.bundle.ui-testing";
		};
/* End PBXNativeTarget section */

/* Begin PBXProject section */
		1E6AC8A52021201300CE6E69 /* Project object */ = {
			isa = PBXProject;
			attributes = {
				LastSwiftUpdateCheck = 0920;
				LastUpgradeCheck = 0920;
				ORGANIZATIONNAME = "Hugh Morrison";
				TargetAttributes = {
					1E6AC8AC2021201300CE6E69 = {
						CreatedOnToolsVersion = 9.2;
						ProvisioningStyle = Automatic;
					};
					1E6AC8C02021201300CE6E69 = {
						CreatedOnToolsVersion = 9.2;
						ProvisioningStyle = Automatic;
						TestTargetID = 1E6AC8AC2021201300CE6E69;
					};
					1E6AC8CB2021201300CE6E69 = {
						CreatedOnToolsVersion = 9.2;
						ProvisioningStyle = Automatic;
						TestTargetID = 1E6AC8AC2021201300CE6E69;
					};
				};
			};
			buildConfigurationList = 1E6AC8A82021201300CE6E69 /* Build configuration list for PBXProject "Light" */;
			compatibilityVersion = "Xcode 8.0";
			developmentRegion = en;
			hasScannedForEncodings = 0;
			knownRegions = (
				en,
				Base,
			);
			mainGroup = 1E6AC8A42021201300CE6E69;
			productRefGroup = 1E6AC8AE2021201300CE6E69 /* Products */;
			projectDirPath = "";
			projectRoot = "";
			targets = (
				1E6AC8AC2021201300CE6E69 /* Light */,
				1E6AC8C02021201300CE6E69 /* LightTests */,
				1E6AC8CB2021201300CE6E69 /* LightUITests */,
			);
		};
/* End PBXProject section */

/* Begin PBXResourcesBuildPhase section */
		1E6AC8AB2021201300CE6E69 /* Resources */ = {
			isa = PBXResourcesBuildPhase;
			buildActionMask = 2147483647;
			files = (
				1E6AC8BB2021201300CE6E69 /* LaunchScreen.storyboard in Resources */,
				1E6AC8B82021201300CE6E69 /* Assets.xcassets in Resources */,
				1E6AC8B62021201300CE6E69 /* Main.storyboard in Resources */,
			);
			runOnlyForDeploymentPostprocessing = 0;
		};
		1E6AC8BF2021201300CE6E69 /* Resources */ = {
			isa = PBXResourcesBuildPhase;
			buildActionMask = 2147483647;
			files = (
			);
			runOnlyForDeploymentPostprocessing = 0;
		};
		1E6AC8CA2021201300CE6E69 /* Resources */ = {
			isa = PBXResourcesBuildPhase;
			buildActionMask = 2147483647;
			files = (
			);
			runOnlyForDeploymentPostprocessing = 0;
		};
/* End PBXResourcesBuildPhase section */

/* Begin PBXSourcesBuildPhase section */
		1E6AC8A92021201300CE6E69 /* Sources */ = {
			isa = PBXSourcesBuildPhase;
			buildActionMask = 2147483647;
			files = (
				1E6AC8B32021201300CE6E69 /* ViewController.swift in Sources */,
				1E6AC8B12021201300CE6E69 /* AppDelegate.swift in Sources */,
			);
			runOnlyForDeploymentPostprocessing = 0;
		};
		1E6AC8BD2021201300CE6E69 /* Sources */ = {
			isa = PBXSourcesBuildPhase;
			buildActionMask = 2147483647;
			files = (
				1E6AC8C62021201300CE6E69 /* LightTests.swift in Sources */,
			);
			runOnlyForDeploymentPostprocessing = 0;
		};
		1E6AC8C82021201300CE6E69 /* Sources */ = {
			isa = PBXSourcesBuildPhase;
			buildActionMask = 2147483647;
			files = (
				1E6AC8D12021201300CE6E69 /* LightUITests.swift in Sources */,
			);
			runOnlyForDeploymentPostprocessing = 0;
		};
/* End PBXSourcesBuildPhase section */

/* Begin PBXTargetDependency section */
		1E6AC8C32021201300CE6E69 /* PBXTargetDependency */ = {
			isa = PBXTargetDependency;
			target = 1E6AC8AC2021201300CE6E69 /* Light */;
			targetProxy = 1E6AC8C22021201300CE6E69 /* PBXContainerItemProxy */;
		};
		1E6AC8CE2021201300CE6E69 /* PBXTargetDependency */ = {
			isa = PBXTargetDependency;
			target = 1E6AC8AC2021201300CE6E69 /* Light */;
			targetProxy = 1E6AC8CD2021201300CE6E69 /* PBXContainerItemProxy */;
		};
/* End PBXTargetDependency section */

/* Begin PBXVariantGroup section */
		1E6AC8B42021201300CE6E69 /* Main.storyboard */ = {
			isa = PBXVariantGroup;
			children = (
				1E6AC8B52021201300CE6E69 /* Base */,
			);
			name = Main.storyboard;
			sourceTree = "<group>";
		};
		1E6AC8B92021201300CE6E69 /* LaunchScreen.storyboard */ = {
			isa = PBXVariantGroup;
			children = (
				1E6AC8BA2021201300CE6E69 /* Base */,
			);
			name = LaunchScreen.storyboard;
			sourceTree = "<group>";
		};
/* End PBXVariantGroup section */

/* Begin XCBuildConfiguration section */
		1E6AC8D32021201300CE6E69 /* Debug */ = {
			isa = XCBuildConfiguration;
			buildSettings = {
				ALWAYS_SEARCH_USER_PATHS = NO;
				CLANG_ANALYZER_NONNULL = YES;
				CLANG_ANALYZER_NUMBER_OBJECT_CONVERSION = YES_AGGRESSIVE;
				CLANG_CXX_LANGUAGE_STANDARD = "gnu++14";
				CLANG_CXX_LIBRARY = "libc++";
				CLANG_ENABLE_MODULES = YES;
				CLANG_ENABLE_OBJC_ARC = YES;
				CLANG_WARN_BLOCK_CAPTURE_AUTORELEASING = YES;
				CLANG_WARN_BOOL_CONVERSION = YES;
				CLANG_WARN_COMMA = YES;
				CLANG_WARN_CONSTANT_CONVERSION = YES;
				CLANG_WARN_DIRECT_OBJC_ISA_USAGE = YES_ERROR;
				CLANG_WARN_DOCUMENTATION_COMMENTS = YES;
				CLANG_WARN_EMPTY_BODY = YES;
				CLANG_WARN_ENUM_CONVERSION = YES;
				CLANG_WARN_INFINITE_RECURSION = YES;
				CLANG_WARN_INT_CONVERSION = YES;
				CLANG_WARN_NON_LITERAL_NULL_CONVERSION = YES;
				CLANG_WARN_OBJC_LITERAL_CONVERSION = YES;
				CLANG_WARN_OBJC_ROOT_CLASS = YES_ERROR;
				CLANG_WARN_RANGE_LOOP_ANALYSIS = YES;
				CLANG_WARN_STRICT_PROTOTYPES = YES;
				CLANG_WARN_SUSPICIOUS_MOVE = YES;
				CLANG_WARN_UNGUARDED_AVAILABILITY = YES_AGGRESSIVE;
				CLANG_WARN_UNREACHABLE_CODE = YES;
				CLANG_WARN__DUPLICATE_METHOD_MATCH = YES;
				CODE_SIGN_IDENTITY = "iPhone Developer";
				COPY_PHASE_STRIP = NO;
				DEBUG_INFORMATION_FORMAT = dwarf;
				ENABLE_STRICT_OBJC_MSGSEND = YES;
				ENABLE_TESTABILITY = YES;
				GCC_C_LANGUAGE_STANDARD = gnu11;
				GCC_DYNAMIC_NO_PIC = NO;
				GCC_NO_COMMON_BLOCKS = YES;
				GCC_OPTIMIZATION_LEVEL = 0;
				GCC_PREPROCESSOR_DEFINITIONS = (
					"DEBUG=1",
					"$(inherited)",
				);
				GCC_WARN_64_TO_32_BIT_CONVERSION = YES;
				GCC_WARN_ABOUT_RETURN_TYPE = YES_ERROR;
				GCC_WARN_UNDECLARED_SELECTOR = YES;
				GCC_WARN_UNINITIALIZED_AUTOS = YES_AGGRESSIVE;
				GCC_WARN_UNUSED_FUNCTION = YES;
				GCC_WARN_UNUSED_VARIABLE = YES;
				IPHONEOS_DEPLOYMENT_TARGET = 11.2;
				MTL_ENABLE_DEBUG_INFO = YES;
				ONLY_ACTIVE_ARCH = YES;
				SDKROOT = iphoneos;
				SWIFT_ACTIVE_COMPILATION_CONDITIONS = DEBUG;
				SWIFT_OPTIMIZATION_LEVEL = "-Onone";
			};
			name = Debug;
		};
		1E6AC8D42021201300CE6E69 /* Release */ = {
			isa = XCBuildConfiguration;
			buildSettings = {
				ALWAYS_SEARCH_USER_PATHS = NO;
				CLANG_ANALYZER_NONNULL = YES;
				CLANG_ANALYZER_NUMBER_OBJECT_CONVERSION = YES_AGGRESSIVE;
				CLANG_CXX_LANGUAGE_STANDARD = "gnu++14";
				CLANG_CXX_LIBRARY = "libc++";
				CLANG_ENABLE_MODULES = YES;
				CLANG_ENABLE_OBJC_ARC = YES;
				CLANG_WARN_BLOCK_CAPTURE_AUTORELEASING = YES;
				CLANG_WARN_BOOL_CONVERSION = YES;
				CLANG_WARN_COMMA = YES;
				CLANG_WARN_CONSTANT_CONVERSION = YES;
				CLANG_WARN_DIRECT_OBJC_ISA_USAGE = YES_ERROR;
				CLANG_WARN_DOCUMENTATION_COMMENTS = YES;
				CLANG_WARN_EMPTY_BODY = YES;
				CLANG_WARN_ENUM_CONVERSION = YES;
				CLANG_WARN_INFINITE_RECURSION = YES;
				CLANG_WARN_INT_CONVERSION = YES;
				CLANG_WARN_NON_LITERAL_NULL_CONVERSION = YES;
				CLANG_WARN_OBJC_LITERAL_CONVERSION = YES;
				CLANG_WARN_OBJC_ROOT_CLASS = YES_ERROR;
				CLANG_WARN_RANGE_LOOP_ANALYSIS = YES;
				CLANG_WARN_STRICT_PROTOTYPES = YES;
				CLANG_WARN_SUSPICIOUS_MOVE = YES;
				CLANG_WARN_UNGUARDED_AVAILABILITY = YES_AGGRESSIVE;
				CLANG_WARN_UNREACHABLE_CODE = YES;
				CLANG_WARN__DUPLICATE_METHOD_MATCH = YES;
				CODE_SIGN_IDENTITY = "iPhone Developer";
				COPY_PHASE_STRIP = NO;
				DEBUG_INFORMATION_FORMAT = "dwarf-with-dsym";
				ENABLE_NS_ASSERTIONS = NO;
				ENABLE_STRICT_OBJC_MSGSEND = YES;
				GCC_C_LANGUAGE_STANDARD = gnu11;
				GCC_NO_COMMON_BLOCKS = YES;
				GCC_WARN_64_TO_32_BIT_CONVERSION = YES;
				GCC_WARN_ABOUT_RETURN_TYPE = YES_ERROR;
				GCC_WARN_UNDECLARED_SELECTOR = YES;
				GCC_WARN_UNINITIALIZED_AUTOS = YES_AGGRESSIVE;
				GCC_WARN_UNUSED_FUNCTION = YES;
				GCC_WARN_UNUSED_VARIABLE = YES;
				IPHONEOS_DEPLOYMENT_TARGET = 11.2;
				MTL_ENABLE_DEBUG_INFO = NO;
				SDKROOT = iphoneos;
				SWIFT_OPTIMIZATION_LEVEL = "-Owholemodule";
				VALIDATE_PRODUCT = YES;
			};
			name = Release;
		};
		1E6AC8D62021201300CE6E69 /* Debug */ = {
			isa = XCBuildConfiguration;
			buildSettings = {
				ASSETCATALOG_COMPILER_APPICON_NAME = AppIcon;
				CODE_SIGN_STYLE = Automatic;
				INFOPLIST_FILE = Light/Info.plist;
				LD_RUNPATH_SEARCH_PATHS = "$(inherited) @executable_path/Frameworks";
				PRODUCT_BUNDLE_IDENTIFIER = coolGuy.Light;
				PRODUCT_NAME = "$(TARGET_NAME)";
				SWIFT_VERSION = 4.0;
				TARGETED_DEVICE_FAMILY = "1,2";
			};
			name = Debug;
		};
		1E6AC8D72021201300CE6E69 /* Release */ = {
			isa = XCBuildConfiguration;
			buildSettings = {
				ASSETCATALOG_COMPILER_APPICON_NAME = AppIcon;
				CODE_SIGN_STYLE = Automatic;
				INFOPLIST_FILE = Light/Info.plist;
				LD_RUNPATH_SEARCH_PATHS = "$(inherited) @executable_path/Frameworks";
				PRODUCT_BUNDLE_IDENTIFIER = coolGuy.Light;
				PRODUCT_NAME = "$(TARGET_NAME)";
				SWIFT_VERSION = 4.0;
				TARGETED_DEVICE_FAMILY = "1,2";
			};
			name = Release;
		};
		1E6AC8D92021201300CE6E69 /* Debug */ = {
			isa = XCBuildConfiguration;
			buildSettings = {
				ALWAYS_EMBED_SWIFT_STANDARD_LIBRARIES = YES;
				BUNDLE_LOADER = "$(TEST_HOST)";
				CODE_SIGN_STYLE = Automatic;
				INFOPLIST_FILE = LightTests/Info.plist;
				LD_RUNPATH_SEARCH_PATHS = "$(inherited) @executable_path/Frameworks @loader_path/Frameworks";
				PRODUCT_BUNDLE_IDENTIFIER = coolGuy.LightTests;
				PRODUCT_NAME = "$(TARGET_NAME)";
				SWIFT_VERSION = 4.0;
				TARGETED_DEVICE_FAMILY = "1,2";
				TEST_HOST = "$(BUILT_PRODUCTS_DIR)/Light.app/Light";
			};
			name = Debug;
		};
		1E6AC8DA2021201300CE6E69 /* Release */ = {
			isa = XCBuildConfiguration;
			buildSettings = {
				ALWAYS_EMBED_SWIFT_STANDARD_LIBRARIES = YES;
				BUNDLE_LOADER = "$(TEST_HOST)";
				CODE_SIGN_STYLE = Automatic;
				INFOPLIST_FILE = LightTests/Info.plist;
				LD_RUNPATH_SEARCH_PATHS = "$(inherited) @executable_path/Frameworks @loader_path/Frameworks";
				PRODUCT_BUNDLE_IDENTIFIER = coolGuy.LightTests;
				PRODUCT_NAME = "$(TARGET_NAME)";
				SWIFT_VERSION = 4.0;
				TARGETED_DEVICE_FAMILY = "1,2";
				TEST_HOST = "$(BUILT_PRODUCTS_DIR)/Light.app/Light";
			};
			name = Release;
		};
		1E6AC8DC2021201300CE6E69 /* Debug */ = {
			isa = XCBuildConfiguration;
			buildSettings = {
				ALWAYS_EMBED_SWIFT_STANDARD_LIBRARIES = YES;
				CODE_SIGN_STYLE = Automatic;
				INFOPLIST_FILE = LightUITests/Info.plist;
				LD_RUNPATH_SEARCH_PATHS = "$(inherited) @executable_path/Frameworks @loader_path/Frameworks";
				PRODUCT_BUNDLE_IDENTIFIER = coolGuy.LightUITests;
				PRODUCT_NAME = "$(TARGET_NAME)";
				SWIFT_VERSION = 4.0;
				TARGETED_DEVICE_FAMILY = "1,2";
				TEST_TARGET_NAME = Light;
			};
			name = Debug;
		};
		1E6AC8DD2021201300CE6E69 /* Release */ = {
			isa = XCBuildConfiguration;
			buildSettings = {
				ALWAYS_EMBED_SWIFT_STANDARD_LIBRARIES = YES;
				CODE_SIGN_STYLE = Automatic;
				INFOPLIST_FILE = LightUITests/Info.plist;
				LD_RUNPATH_SEARCH_PATHS = "$(inherited) @executable_path/Frameworks @loader_path/Frameworks";
				PRODUCT_BUNDLE_IDENTIFIER = coolGuy.LightUITests;
				PRODUCT_NAME = "$(TARGET_NAME)";
				SWIFT_VERSION = 4.0;
				TARGETED_DEVICE_FAMILY = "1,2";
				TEST_TARGET_NAME = Light;
			};
			name = Release;
		};
/* End XCBuildConfiguration section */

/* Begin XCConfigurationList section */
		1E6AC8A82021201300CE6E69 /* Build configuration list for PBXProject "Light" */ = {
			isa = XCConfigurationList;
			buildConfigurations = (
				1E6AC8D32021201300CE6E69 /* Debug */,
				1E6AC8D42021201300CE6E69 /* Release */,
			);
			defaultConfigurationIsVisible = 0;
			defaultConfigurationName = Release;
		};
		1E6AC8D52021201300CE6E69 /* Build configuration list for PBXNativeTarget "Light" */ = {
			isa = XCConfigurationList;
			buildConfigurations = (
				1E6AC8D62021201300CE6E69 /* Debug */,
				1E6AC8D72021201300CE6E69 /* Release */,
			);
			defaultConfigurationIsVisible = 0;
			defaultConfigurationName = Release;
		};
		1E6AC8D82021201300CE6E69 /* Build configuration list for PBXNativeTarget "LightTests" */ = {
			isa = XCConfigurationList;
			buildConfigurations = (
				1E6AC8D92021201300CE6E69 /* Debug */,
				1E6AC8DA2021201300CE6E69 /* Release */,
			);
			defaultConfigurationIsVisible = 0;
			defaultConfigurationName = Release;
		};
		1E6AC8DB2021201300CE6E69 /* Build configuration list for PBXNativeTarget "LightUITests" */ = {
			isa = XCConfigurationList;
			buildConfigurations = (
				1E6AC8DC2021201300CE6E69 /* Debug */,
				1E6AC8DD2021201300CE6E69 /* Release */,
			);
			defaultConfigurationIsVisible = 0;
			defaultConfigurationName = Release;
		};
/* End XCConfigurationList section */
	};
	rootObject = 1E6AC8A52021201300CE6E69 /* Project object */;
}
